
Microsoft Visual Studio Solution File, Format Version 12.00
# Visual Studio Version 16
VisualStudioVersion = 16.0.30907.101
MinimumVisualStudioVersion = 10.0.40219.1
Project("{FAE04EC0-301F-11D3-BF4B-00C04F79EFBC}") = "Task_1", "Task_1\Task_1.csproj", "{7BBEF4E9-75FF-4905-81F4-EC3B8AA3B0EE}"
EndProject
Project("{FAE04EC0-301F-11D3-BF4B-00C04F79EFBC}") = "Model.Registration", "Model.Registration\Model.Registration.csproj", "{CC54DAB9-334C-4FAB-A090-8AD1DD795B59}"
EndProject
Project("{FAE04EC0-301F-11D3-BF4B-00C04F79EFBC}") = "Model.UnitTest", "Model.UnitTest\Model.UnitTest.csproj", "{F8737A0C-F5C7-4E36-892C-7F70D85AEF27}"
EndProject
Global
	GlobalSection(SolutionConfigurationPlatforms) = preSolution
		Debug|Any CPU = Debug|Any CPU
		Release|Any CPU = Release|Any CPU
	EndGlobalSection
	GlobalSection(ProjectConfigurationPlatforms) = postSolution
		{7BBEF4E9-75FF-4905-81F4-EC3B8AA3B0EE}.Debug|Any CPU.ActiveCfg = Debug|Any CPU
		{7BBEF4E9-75FF-4905-81F4-EC3B8AA3B0EE}.Debug|Any CPU.Build.0 = Debug|Any CPU
		{7BBEF4E9-75FF-4905-81F4-EC3B8AA3B0EE}.Release|Any CPU.ActiveCfg = Release|Any CPU
		{7BBEF4E9-75FF-4905-81F4-EC3B8AA3B0EE}.Release|Any CPU.Build.0 = Release|Any CPU
		{CC54DAB9-334C-4FAB-A090-8AD1DD795B59}.Debug|Any CPU.ActiveCfg = Debug|Any CPU
		{CC54DAB9-334C-4FAB-A090-8AD1DD795B59}.Debug|Any CPU.Build.0 = Debug|Any CPU
		{CC54DAB9-334C-4FAB-A090-8AD1DD795B59}.Release|Any CPU.ActiveCfg = Release|Any CPU
		{CC54DAB9-334C-4FAB-A090-8AD1DD795B59}.Release|Any CPU.Build.0 = Release|Any CPU
		{F8737A0C-F5C7-4E36-892C-7F70D85AEF27}.Debug|Any CPU.ActiveCfg = Debug|Any CPU
		{F8737A0C-F5C7-4E36-892C-7F70D85AEF27}.Debug|Any CPU.Build.0 = Debug|Any CPU
		{F8737A0C-F5C7-4E36-892C-7F70D85AEF27}.Release|Any CPU.ActiveCfg = Release|Any CPU
		{F8737A0C-F5C7-4E36-892C-7F70D85AEF27}.Release|Any CPU.Build.0 = Release|Any CPU
	EndGlobalSection
	GlobalSection(SolutionProperties) = preSolution
		HideSolutionNode = FALSE
	EndGlobalSection
	GlobalSection(ExtensibilityGlobals) = postSolution
		SolutionGuid = {EEB30EDA-748D-4E6C-9FAA-8C447B9771C2}
	EndGlobalSection
EndGlobal
